
Microsoft Visual Studio Solution File, Format Version 12.00
# Visual Studio Version 17
VisualStudioVersion = 17.10.35027.167
MinimumVisualStudioVersion = 10.0.40219.1
Project("{FAE04EC0-301F-11D3-BF4B-00C04F79EFBC}") = "BlazorApp10", "BlazorApp10.csproj", "{3DF09581-498F-4A98-989C-A588AE8F8C2B}"
EndProject
Global
	GlobalSection(SolutionConfigurationPlatforms) = preSolution
		Debug|Any CPU = Debug|Any CPU
		Release|Any CPU = Release|Any CPU
	EndGlobalSection
	GlobalSection(ProjectConfigurationPlatforms) = postSolution
		{3DF09581-498F-4A98-989C-A588AE8F8C2B}.Debug|Any CPU.ActiveCfg = Debug|Any CPU
		{3DF09581-498F-4A98-989C-A588AE8F8C2B}.Debug|Any CPU.Build.0 = Debug|Any CPU
		{3DF09581-498F-4A98-989C-A588AE8F8C2B}.Release|Any CPU.ActiveCfg = Release|Any CPU
		{3DF09581-498F-4A98-989C-A588AE8F8C2B}.Release|Any CPU.Build.0 = Release|Any CPU
	EndGlobalSection
	GlobalSection(SolutionProperties) = preSolution
		HideSolutionNode = FALSE
	EndGlobalSection
	GlobalSection(ExtensibilityGlobals) = postSolution
		SolutionGuid = {57B1D585-F2E4-41CF-A347-3FD7CC20C848}
	EndGlobalSection
EndGlobal
